
Microsoft Visual Studio Solution File, Format Version 12.00
# Visual Studio Version 17
VisualStudioVersion = 17.2.32630.192
MinimumVisualStudioVersion = 10.0.40219.1
Project("{9A19103F-16F7-4668-BE54-9A1E7A4F7556}") = "Challenges", "Challenges.csproj", "{790CF88F-08D8-4584-AEF5-CB261974C3E8}"
EndProject
Project("{9A19103F-16F7-4668-BE54-9A1E7A4F7556}") = "Challenges.Test", "..\ChallengesTest\Challenges.Test.csproj", "{54FDCB24-DE7C-403A-8E6F-18DFF9124F8F}"
EndProject
Project("{9A19103F-16F7-4668-BE54-9A1E7A4F7556}") = "DS1", "..\DS1\DS1.csproj", "{7BCA0527-57DC-4A10-A655-9E1DDFE6B580}"
EndProject
Project("{9A19103F-16F7-4668-BE54-9A1E7A4F7556}") = "DS1.Test", "..\DS1Test\DS1.Test.csproj", "{D571F372-4977-4141-8255-DB89C6789ED6}"
EndProject
Project("{9A19103F-16F7-4668-BE54-9A1E7A4F7556}") = "TopInterviewQuestions", "..\TopInterviewQuestions\TopInterviewQuestions.csproj", "{5330950D-BC1B-4DC6-85EA-EC6B34B50D24}"
EndProject
Project("{9A19103F-16F7-4668-BE54-9A1E7A4F7556}") = "TIQ.Test", "..\TIQ.Test\TIQ.Test.csproj", "{73A815EC-264C-4725-8727-EF8AEAC638B2}"
EndProject
Project("{FAE04EC0-301F-11D3-BF4B-00C04F79EFBC}") = "LeetCode75", "..\LeetCode75\LeetCode75.csproj", "{757C6A1A-F255-4B86-A597-FDC7BA01C901}"
EndProject
Project("{9A19103F-16F7-4668-BE54-9A1E7A4F7556}") = "LeetCode75.Test", "..\LeetCode75.Test\LeetCode75.Test.csproj", "{0FD840EB-6AED-41F7-974D-F0BA59EBB8CD}"
EndProject
Global
	GlobalSection(SolutionConfigurationPlatforms) = preSolution
		Debug|Any CPU = Debug|Any CPU
		Release|Any CPU = Release|Any CPU
	EndGlobalSection
	GlobalSection(ProjectConfigurationPlatforms) = postSolution
		{790CF88F-08D8-4584-AEF5-CB261974C3E8}.Debug|Any CPU.ActiveCfg = Debug|Any CPU
		{790CF88F-08D8-4584-AEF5-CB261974C3E8}.Debug|Any CPU.Build.0 = Debug|Any CPU
		{790CF88F-08D8-4584-AEF5-CB261974C3E8}.Release|Any CPU.ActiveCfg = Release|Any CPU
		{790CF88F-08D8-4584-AEF5-CB261974C3E8}.Release|Any CPU.Build.0 = Release|Any CPU
		{54FDCB24-DE7C-403A-8E6F-18DFF9124F8F}.Debug|Any CPU.ActiveCfg = Debug|Any CPU
		{54FDCB24-DE7C-403A-8E6F-18DFF9124F8F}.Debug|Any CPU.Build.0 = Debug|Any CPU
		{54FDCB24-DE7C-403A-8E6F-18DFF9124F8F}.Release|Any CPU.ActiveCfg = Release|Any CPU
		{54FDCB24-DE7C-403A-8E6F-18DFF9124F8F}.Release|Any CPU.Build.0 = Release|Any CPU
		{7BCA0527-57DC-4A10-A655-9E1DDFE6B580}.Debug|Any CPU.ActiveCfg = Debug|Any CPU
		{7BCA0527-57DC-4A10-A655-9E1DDFE6B580}.Debug|Any CPU.Build.0 = Debug|Any CPU
		{7BCA0527-57DC-4A10-A655-9E1DDFE6B580}.Release|Any CPU.ActiveCfg = Release|Any CPU
		{7BCA0527-57DC-4A10-A655-9E1DDFE6B580}.Release|Any CPU.Build.0 = Release|Any CPU
		{D571F372-4977-4141-8255-DB89C6789ED6}.Debug|Any CPU.ActiveCfg = Debug|Any CPU
		{D571F372-4977-4141-8255-DB89C6789ED6}.Debug|Any CPU.Build.0 = Debug|Any CPU
		{D571F372-4977-4141-8255-DB89C6789ED6}.Release|Any CPU.ActiveCfg = Release|Any CPU
		{D571F372-4977-4141-8255-DB89C6789ED6}.Release|Any CPU.Build.0 = Release|Any CPU
		{5330950D-BC1B-4DC6-85EA-EC6B34B50D24}.Debug|Any CPU.ActiveCfg = Debug|Any CPU
		{5330950D-BC1B-4DC6-85EA-EC6B34B50D24}.Debug|Any CPU.Build.0 = Debug|Any CPU
		{5330950D-BC1B-4DC6-85EA-EC6B34B50D24}.Release|Any CPU.ActiveCfg = Release|Any CPU
		{5330950D-BC1B-4DC6-85EA-EC6B34B50D24}.Release|Any CPU.Build.0 = Release|Any CPU
		{73A815EC-264C-4725-8727-EF8AEAC638B2}.Debug|Any CPU.ActiveCfg = Debug|Any CPU
		{73A815EC-264C-4725-8727-EF8AEAC638B2}.Debug|Any CPU.Build.0 = Debug|Any CPU
		{73A815EC-264C-4725-8727-EF8AEAC638B2}.Release|Any CPU.ActiveCfg = Release|Any CPU
		{73A815EC-264C-4725-8727-EF8AEAC638B2}.Release|Any CPU.Build.0 = Release|Any CPU
		{757C6A1A-F255-4B86-A597-FDC7BA01C901}.Debug|Any CPU.ActiveCfg = Debug|Any CPU
		{757C6A1A-F255-4B86-A597-FDC7BA01C901}.Debug|Any CPU.Build.0 = Debug|Any CPU
		{757C6A1A-F255-4B86-A597-FDC7BA01C901}.Release|Any CPU.ActiveCfg = Release|Any CPU
		{757C6A1A-F255-4B86-A597-FDC7BA01C901}.Release|Any CPU.Build.0 = Release|Any CPU
		{0FD840EB-6AED-41F7-974D-F0BA59EBB8CD}.Debug|Any CPU.ActiveCfg = Debug|Any CPU
		{0FD840EB-6AED-41F7-974D-F0BA59EBB8CD}.Debug|Any CPU.Build.0 = Debug|Any CPU
		{0FD840EB-6AED-41F7-974D-F0BA59EBB8CD}.Release|Any CPU.ActiveCfg = Release|Any CPU
		{0FD840EB-6AED-41F7-974D-F0BA59EBB8CD}.Release|Any CPU.Build.0 = Release|Any CPU
	EndGlobalSection
	GlobalSection(SolutionProperties) = preSolution
		HideSolutionNode = FALSE
	EndGlobalSection
	GlobalSection(ExtensibilityGlobals) = postSolution
		SolutionGuid = {75852114-27C1-4E8A-885B-54E7DBBFF3D3}
	EndGlobalSection
EndGlobal
